
Microsoft Visual Studio Solution File, Format Version 12.00
# Visual Studio Version 17
VisualStudioVersion = 17.7.34024.191
MinimumVisualStudioVersion = 10.0.40219.1
Project("{FAE04EC0-301F-11D3-BF4B-00C04F79EFBC}") = "HashingString", "HashingString\HashingString.csproj", "{945238E7-A686-4D5C-92E9-C5B6B66C1012}"
EndProject
Global
	GlobalSection(SolutionConfigurationPlatforms) = preSolution
		Debug|Any CPU = Debug|Any CPU
		Release|Any CPU = Release|Any CPU
	EndGlobalSection
	GlobalSection(ProjectConfigurationPlatforms) = postSolution
		{945238E7-A686-4D5C-92E9-C5B6B66C1012}.Debug|Any CPU.ActiveCfg = Debug|Any CPU
		{945238E7-A686-4D5C-92E9-C5B6B66C1012}.Debug|Any CPU.Build.0 = Debug|Any CPU
		{945238E7-A686-4D5C-92E9-C5B6B66C1012}.Release|Any CPU.ActiveCfg = Release|Any CPU
		{945238E7-A686-4D5C-92E9-C5B6B66C1012}.Release|Any CPU.Build.0 = Release|Any CPU
	EndGlobalSection
	GlobalSection(SolutionProperties) = preSolution
		HideSolutionNode = FALSE
	EndGlobalSection
	GlobalSection(ExtensibilityGlobals) = postSolution
		SolutionGuid = {954A1354-FFC5-4F85-A2C9-F0E49306162C}
	EndGlobalSection
EndGlobal
